// !$*UTF8*$!
{
	archiveVersion = 1;
	classes = {
	};
	objectVersion = 50;
	objects = {

/* Begin PBXBuildFile section */
		BD100FB12379CC80002426B7 /* AppDelegate.swift in Sources */ = {isa = PBXBuildFile; fileRef = BD100FB02379CC80002426B7 /* AppDelegate.swift */; };
		BD100FB32379CC80002426B7 /* SceneDelegate.swift in Sources */ = {isa = PBXBuildFile; fileRef = BD100FB22379CC80002426B7 /* SceneDelegate.swift */; };
		BD100FB82379CC80002426B7 /* Main.storyboard in Resources */ = {isa = PBXBuildFile; fileRef = BD100FB62379CC80002426B7 /* Main.storyboard */; };
		BD100FBA2379CC83002426B7 /* Assets.xcassets in Resources */ = {isa = PBXBuildFile; fileRef = BD100FB92379CC83002426B7 /* Assets.xcassets */; };
		BD100FBD2379CC83002426B7 /* LaunchScreen.storyboard in Resources */ = {isa = PBXBuildFile; fileRef = BD100FBB2379CC83002426B7 /* LaunchScreen.storyboard */; };
		BD100FC52379CD36002426B7 /* ContactsTableViewController.swift in Sources */ = {isa = PBXBuildFile; fileRef = BD100FC42379CD36002426B7 /* ContactsTableViewController.swift */; };
		BD100FC92379CE47002426B7 /* LSIContactController.m in Sources */ = {isa = PBXBuildFile; fileRef = BD100FC82379CE47002426B7 /* LSIContactController.m */; };
		BD100FCB2379CED3002426B7 /* Contact.swift in Sources */ = {isa = PBXBuildFile; fileRef = BD100FCA2379CED3002426B7 /* Contact.swift */; };
/* End PBXBuildFile section */

/* Begin PBXFileReference section */
		BD100FAD2379CC80002426B7 /* iOS9-Contacts-Hybrid.app */ = {isa = PBXFileReference; explicitFileType = wrapper.application; includeInIndex = 0; path = "iOS9-Contacts-Hybrid.app"; sourceTree = BUILT_PRODUCTS_DIR; };
		BD100FB02379CC80002426B7 /* AppDelegate.swift */ = {isa = PBXFileReference; lastKnownFileType = sourcecode.swift; path = AppDelegate.swift; sourceTree = "<group>"; };
		BD100FB22379CC80002426B7 /* SceneDelegate.swift */ = {isa = PBXFileReference; lastKnownFileType = sourcecode.swift; path = SceneDelegate.swift; sourceTree = "<group>"; };
		BD100FB72379CC80002426B7 /* Base */ = {isa = PBXFileReference; lastKnownFileType = file.storyboard; name = Base; path = Base.lproj/Main.storyboard; sourceTree = "<group>"; };
		BD100FB92379CC83002426B7 /* Assets.xcassets */ = {isa = PBXFileReference; lastKnownFileType = folder.assetcatalog; path = Assets.xcassets; sourceTree = "<group>"; };
		BD100FBC2379CC83002426B7 /* Base */ = {isa = PBXFileReference; lastKnownFileType = file.storyboard; name = Base; path = Base.lproj/LaunchScreen.storyboard; sourceTree = "<group>"; };
		BD100FBE2379CC83002426B7 /* Info.plist */ = {isa = PBXFileReference; lastKnownFileType = text.plist.xml; path = Info.plist; sourceTree = "<group>"; };
		BD100FC42379CD36002426B7 /* ContactsTableViewController.swift */ = {isa = PBXFileReference; lastKnownFileType = sourcecode.swift; path = ContactsTableViewController.swift; sourceTree = "<group>"; };
		BD100FC62379CE47002426B7 /* iOS9-Contacts-Hybrid-Bridging-Header.h */ = {isa = PBXFileReference; lastKnownFileType = sourcecode.c.h; path = "iOS9-Contacts-Hybrid-Bridging-Header.h"; sourceTree = "<group>"; };
		BD100FC72379CE47002426B7 /* LSIContactController.h */ = {isa = PBXFileReference; lastKnownFileType = sourcecode.c.h; path = LSIContactController.h; sourceTree = "<group>"; };
		BD100FC82379CE47002426B7 /* LSIContactController.m */ = {isa = PBXFileReference; lastKnownFileType = sourcecode.c.objc; path = LSIContactController.m; sourceTree = "<group>"; };
		BD100FCA2379CED3002426B7 /* Contact.swift */ = {isa = PBXFileReference; lastKnownFileType = sourcecode.swift; path = Contact.swift; sourceTree = "<group>"; };
/* End PBXFileReference section */

/* Begin PBXFrameworksBuildPhase section */
		BD100FAA2379CC80002426B7 /* Frameworks */ = {
			isa = PBXFrameworksBuildPhase;
			buildActionMask = 2147483647;
			files = (
			);
			runOnlyForDeploymentPostprocessing = 0;
		};
/* End PBXFrameworksBuildPhase section */

/* Begin PBXGroup section */
		32E1E9F5237A64520074D1B9 /* Model Controllers */ = {
			isa = PBXGroup;
			children = (
				BD100FC72379CE47002426B7 /* LSIContactController.h */,
				BD100FC82379CE47002426B7 /* LSIContactController.m */,
			);
			path = "Model Controllers";
			sourceTree = "<group>";
		};
		32E1E9F7237A64690074D1B9 /* Models */ = {
			isa = PBXGroup;
			children = (
				BD100FCA2379CED3002426B7 /* Contact.swift */,
				32E1E9F5237A64520074D1B9 /* Model Controllers */,
			);
			path = Models;
			sourceTree = "<group>";
		};
		32E1E9F8237A647A0074D1B9 /* Storyboards */ = {
			isa = PBXGroup;
			children = (
				BD100FB62379CC80002426B7 /* Main.storyboard */,
				BD100FBB2379CC83002426B7 /* LaunchScreen.storyboard */,
			);
			path = Storyboards;
			sourceTree = "<group>";
		};
		32E1E9F9237A648B0074D1B9 /* View Controllers */ = {
			isa = PBXGroup;
			children = (
				BD100FC42379CD36002426B7 /* ContactsTableViewController.swift */,
			);
			path = "View Controllers";
			sourceTree = "<group>";
		};
		32E1E9FA237A64C10074D1B9 /* Resources */ = {
			isa = PBXGroup;
			children = (
				BD100FB22379CC80002426B7 /* SceneDelegate.swift */,
				BD100FB92379CC83002426B7 /* Assets.xcassets */,
				BD100FB02379CC80002426B7 /* AppDelegate.swift */,
			);
			path = Resources;
			sourceTree = "<group>";
		};
		32E1E9FB237A64CE0074D1B9 /* Helpers */ = {
			isa = PBXGroup;
			children = (
				BD100FC62379CE47002426B7 /* iOS9-Contacts-Hybrid-Bridging-Header.h */,
			);
			path = Helpers;
			sourceTree = "<group>";
		};
		BD100FA42379CC80002426B7 = {
			isa = PBXGroup;
			children = (
				BD100FAF2379CC80002426B7 /* iOS9-Contacts-Hybrid */,
				BD100FAE2379CC80002426B7 /* Products */,
			);
			sourceTree = "<group>";
		};
		BD100FAE2379CC80002426B7 /* Products */ = {
			isa = PBXGroup;
			children = (
				BD100FAD2379CC80002426B7 /* iOS9-Contacts-Hybrid.app */,
			);
			name = Products;
			sourceTree = "<group>";
		};
		BD100FAF2379CC80002426B7 /* iOS9-Contacts-Hybrid */ = {
			isa = PBXGroup;
			children = (
				32E1E9F7237A64690074D1B9 /* Models */,
				32E1E9F9237A648B0074D1B9 /* View Controllers */,
				32E1E9F8237A647A0074D1B9 /* Storyboards */,
				32E1E9FB237A64CE0074D1B9 /* Helpers */,
				32E1E9FA237A64C10074D1B9 /* Resources */,
				BD100FBE2379CC83002426B7 /* Info.plist */,
			);
			path = "iOS9-Contacts-Hybrid";
			sourceTree = "<group>";
		};
/* End PBXGroup section */

/* Begin PBXNativeTarget section */
		BD100FAC2379CC80002426B7 /* iOS9-Contacts-Hybrid */ = {
			isa = PBXNativeTarget;
			buildConfigurationList = BD100FC12379CC83002426B7 /* Build configuration list for PBXNativeTarget "iOS9-Contacts-Hybrid" */;
			buildPhases = (
				BD100FA92379CC80002426B7 /* Sources */,
				BD100FAA2379CC80002426B7 /* Frameworks */,
				BD100FAB2379CC80002426B7 /* Resources */,
			);
			buildRules = (
			);
			dependencies = (
			);
			name = "iOS9-Contacts-Hybrid";
			productName = "iOS9-Contacts-Hybrid";
			productReference = BD100FAD2379CC80002426B7 /* iOS9-Contacts-Hybrid.app */;
			productType = "com.apple.product-type.application";
		};
/* End PBXNativeTarget section */

/* Begin PBXProject section */
		BD100FA52379CC80002426B7 /* Project object */ = {
			isa = PBXProject;
			attributes = {
				LastSwiftUpdateCheck = 1120;
				LastUpgradeCheck = 1120;
				ORGANIZATIONNAME = "Lambda, Inc";
				TargetAttributes = {
					BD100FAC2379CC80002426B7 = {
						CreatedOnToolsVersion = 11.2;
						LastSwiftMigration = 1120;
					};
				};
			};
			buildConfigurationList = BD100FA82379CC80002426B7 /* Build configuration list for PBXProject "iOS9-Contacts-Hybrid" */;
			compatibilityVersion = "Xcode 9.3";
			developmentRegion = en;
			hasScannedForEncodings = 0;
			knownRegions = (
				en,
				Base,
			);
			mainGroup = BD100FA42379CC80002426B7;
			productRefGroup = BD100FAE2379CC80002426B7 /* Products */;
			projectDirPath = "";
			projectRoot = "";
			targets = (
				BD100FAC2379CC80002426B7 /* iOS9-Contacts-Hybrid */,
			);
		};
/* End PBXProject section */

/* Begin PBXResourcesBuildPhase section */
		BD100FAB2379CC80002426B7 /* Resources */ = {
			isa = PBXResourcesBuildPhase;
			buildActionMask = 2147483647;
			files = (
				BD100FBD2379CC83002426B7 /* LaunchScreen.storyboard in Resources */,
				BD100FBA2379CC83002426B7 /* Assets.xcassets in Resources */,
				BD100FB82379CC80002426B7 /* Main.storyboard in Resources */,
			);
			runOnlyForDeploymentPostprocessing = 0;
		};
/* End PBXResourcesBuildPhase section */

/* Begin PBXSourcesBuildPhase section */
		BD100FA92379CC80002426B7 /* Sources */ = {
			isa = PBXSourcesBuildPhase;
			buildActionMask = 2147483647;
			files = (
				BD100FB12379CC80002426B7 /* AppDelegate.swift in Sources */,
				BD100FC92379CE47002426B7 /* LSIContactController.m in Sources */,
				BD100FCB2379CED3002426B7 /* Contact.swift in Sources */,
				BD100FB32379CC80002426B7 /* SceneDelegate.swift in Sources */,
				BD100FC52379CD36002426B7 /* ContactsTableViewController.swift in Sources */,
			);
			runOnlyForDeploymentPostprocessing = 0;
		};
/* End PBXSourcesBuildPhase section */

/* Begin PBXVariantGroup section */
		BD100FB62379CC80002426B7 /* Main.storyboard */ = {
			isa = PBXVariantGroup;
			children = (
				BD100FB72379CC80002426B7 /* Base */,
			);
			name = Main.storyboard;
			sourceTree = "<group>";
		};
		BD100FBB2379CC83002426B7 /* LaunchScreen.storyboard */ = {
			isa = PBXVariantGroup;
			children = (
				BD100FBC2379CC83002426B7 /* Base */,
			);
			name = LaunchScreen.storyboard;
			sourceTree = "<group>";
		};
/* End PBXVariantGroup section */

/* Begin XCBuildConfiguration section */
		BD100FBF2379CC83002426B7 /* Debug */ = {
			isa = XCBuildConfiguration;
			buildSettings = {
				ALWAYS_SEARCH_USER_PATHS = NO;
				CLANG_ANALYZER_NONNULL = YES;
				CLANG_ANALYZER_NUMBER_OBJECT_CONVERSION = YES_AGGRESSIVE;
				CLANG_CXX_LANGUAGE_STANDARD = "gnu++14";
				CLANG_CXX_LIBRARY = "libc++";
				CLANG_ENABLE_MODULES = YES;
				CLANG_ENABLE_OBJC_ARC = YES;
				CLANG_ENABLE_OBJC_WEAK = YES;
				CLANG_WARN_BLOCK_CAPTURE_AUTORELEASING = YES;
				CLANG_WARN_BOOL_CONVERSION = YES;
				CLANG_WARN_COMMA = YES;
				CLANG_WARN_CONSTANT_CONVERSION = YES;
				CLANG_WARN_DEPRECATED_OBJC_IMPLEMENTATIONS = YES;
				CLANG_WARN_DIRECT_OBJC_ISA_USAGE = YES_ERROR;
				CLANG_WARN_DOCUMENTATION_COMMENTS = YES;
				CLANG_WARN_EMPTY_BODY = YES;
				CLANG_WARN_ENUM_CONVERSION = YES;
				CLANG_WARN_INFINITE_RECURSION = YES;
				CLANG_WARN_INT_CONVERSION = YES;
				CLANG_WARN_NON_LITERAL_NULL_CONVERSION = YES;
				CLANG_WARN_OBJC_IMPLICIT_RETAIN_SELF = YES;
				CLANG_WARN_OBJC_LITERAL_CONVERSION = YES;
				CLANG_WARN_OBJC_ROOT_CLASS = YES_ERROR;
				CLANG_WARN_RANGE_LOOP_ANALYSIS = YES;
				CLANG_WARN_STRICT_PROTOTYPES = YES;
				CLANG_WARN_SUSPICIOUS_MOVE = YES;
				CLANG_WARN_UNGUARDED_AVAILABILITY = YES_AGGRESSIVE;
				CLANG_WARN_UNREACHABLE_CODE = YES;
				CLANG_WARN__DUPLICATE_METHOD_MATCH = YES;
				COPY_PHASE_STRIP = NO;
				DEBUG_INFORMATION_FORMAT = dwarf;
				ENABLE_STRICT_OBJC_MSGSEND = YES;
				ENABLE_TESTABILITY = YES;
				GCC_C_LANGUAGE_STANDARD = gnu11;
				GCC_DYNAMIC_NO_PIC = NO;
				GCC_NO_COMMON_BLOCKS = YES;
				GCC_OPTIMIZATION_LEVEL = 0;
				GCC_PREPROCESSOR_DEFINITIONS = (
					"DEBUG=1",
					"$(inherited)",
				);
				GCC_WARN_64_TO_32_BIT_CONVERSION = YES;
				GCC_WARN_ABOUT_RETURN_TYPE = YES_ERROR;
				GCC_WARN_UNDECLARED_SELECTOR = YES;
				GCC_WARN_UNINITIALIZED_AUTOS = YES_AGGRESSIVE;
				GCC_WARN_UNUSED_FUNCTION = YES;
				GCC_WARN_UNUSED_VARIABLE = YES;
				IPHONEOS_DEPLOYMENT_TARGET = 13.2;
				MTL_ENABLE_DEBUG_INFO = INCLUDE_SOURCE;
				MTL_FAST_MATH = YES;
				ONLY_ACTIVE_ARCH = YES;
				SDKROOT = iphoneos;
				SWIFT_ACTIVE_COMPILATION_CONDITIONS = DEBUG;
				SWIFT_OPTIMIZATION_LEVEL = "-Onone";
			};
			name = Debug;
		};
		BD100FC02379CC83002426B7 /* Release */ = {
			isa = XCBuildConfiguration;
			buildSettings = {
				ALWAYS_SEARCH_USER_PATHS = NO;
				CLANG_ANALYZER_NONNULL = YES;
				CLANG_ANALYZER_NUMBER_OBJECT_CONVERSION = YES_AGGRESSIVE;
				CLANG_CXX_LANGUAGE_STANDARD = "gnu++14";
				CLANG_CXX_LIBRARY = "libc++";
				CLANG_ENABLE_MODULES = YES;
				CLANG_ENABLE_OBJC_ARC = YES;
				CLANG_ENABLE_OBJC_WEAK = YES;
				CLANG_WARN_BLOCK_CAPTURE_AUTORELEASING = YES;
				CLANG_WARN_BOOL_CONVERSION = YES;
				CLANG_WARN_COMMA = YES;
				CLANG_WARN_CONSTANT_CONVERSION = YES;
				CLANG_WARN_DEPRECATED_OBJC_IMPLEMENTATIONS = YES;
				CLANG_WARN_DIRECT_OBJC_ISA_USAGE = YES_ERROR;
				CLANG_WARN_DOCUMENTATION_COMMENTS = YES;
				CLANG_WARN_EMPTY_BODY = YES;
				CLANG_WARN_ENUM_CONVERSION = YES;
				CLANG_WARN_INFINITE_RECURSION = YES;
				CLANG_WARN_INT_CONVERSION = YES;
				CLANG_WARN_NON_LITERAL_NULL_CONVERSION = YES;
				CLANG_WARN_OBJC_IMPLICIT_RETAIN_SELF = YES;
				CLANG_WARN_OBJC_LITERAL_CONVERSION = YES;
				CLANG_WARN_OBJC_ROOT_CLASS = YES_ERROR;
				CLANG_WARN_RANGE_LOOP_ANALYSIS = YES;
				CLANG_WARN_STRICT_PROTOTYPES = YES;
				CLANG_WARN_SUSPICIOUS_MOVE = YES;
				CLANG_WARN_UNGUARDED_AVAILABILITY = YES_AGGRESSIVE;
				CLANG_WARN_UNREACHABLE_CODE = YES;
				CLANG_WARN__DUPLICATE_METHOD_MATCH = YES;
				COPY_PHASE_STRIP = NO;
				DEBUG_INFORMATION_FORMAT = "dwarf-with-dsym";
				ENABLE_NS_ASSERTIONS = NO;
				ENABLE_STRICT_OBJC_MSGSEND = YES;
				GCC_C_LANGUAGE_STANDARD = gnu11;
				GCC_NO_COMMON_BLOCKS = YES;
				GCC_WARN_64_TO_32_BIT_CONVERSION = YES;
				GCC_WARN_ABOUT_RETURN_TYPE = YES_ERROR;
				GCC_WARN_UNDECLARED_SELECTOR = YES;
				GCC_WARN_UNINITIALIZED_AUTOS = YES_AGGRESSIVE;
				GCC_WARN_UNUSED_FUNCTION = YES;
				GCC_WARN_UNUSED_VARIABLE = YES;
				IPHONEOS_DEPLOYMENT_TARGET = 13.2;
				MTL_ENABLE_DEBUG_INFO = NO;
				MTL_FAST_MATH = YES;
				SDKROOT = iphoneos;
				SWIFT_COMPILATION_MODE = wholemodule;
				SWIFT_OPTIMIZATION_LEVEL = "-O";
				VALIDATE_PRODUCT = YES;
			};
			name = Release;
		};
		BD100FC22379CC83002426B7 /* Debug */ = {
			isa = XCBuildConfiguration;
			buildSettings = {
				ASSETCATALOG_COMPILER_APPICON_NAME = AppIcon;
				CLANG_ENABLE_MODULES = YES;
				CODE_SIGN_STYLE = Automatic;
				DEVELOPMENT_TEAM = VXUQXR6S56;
				INFOPLIST_FILE = "iOS9-Contacts-Hybrid/Info.plist";
				LD_RUNPATH_SEARCH_PATHS = (
					"$(inherited)",
					"@executable_path/Frameworks",
				);
				PRODUCT_BUNDLE_IDENTIFIER = "com.lambdaschool.iOS9-Contacts-Hybrid";
				PRODUCT_NAME = "$(TARGET_NAME)";
				SWIFT_OBJC_BRIDGING_HEADER = "iOS9-Contacts-Hybrid/iOS9-Contacts-Hybrid-Bridging-Header.h";
				SWIFT_OPTIMIZATION_LEVEL = "-Onone";
				SWIFT_VERSION = 5.0;
				TARGETED_DEVICE_FAMILY = "1,2";
			};
			name = Debug;
		};
		BD100FC32379CC83002426B7 /* Release */ = {
			isa = XCBuildConfiguration;
			buildSettings = {
				ASSETCATALOG_COMPILER_APPICON_NAME = AppIcon;
				CLANG_ENABLE_MODULES = YES;
				CODE_SIGN_STYLE = Automatic;
				DEVELOPMENT_TEAM = VXUQXR6S56;
				INFOPLIST_FILE = "iOS9-Contacts-Hybrid/Info.plist";
				LD_RUNPATH_SEARCH_PATHS = (
					"$(inherited)",
					"@executable_path/Frameworks",
				);
				PRODUCT_BUNDLE_IDENTIFIER = "com.lambdaschool.iOS9-Contacts-Hybrid";
				PRODUCT_NAME = "$(TARGET_NAME)";
				SWIFT_OBJC_BRIDGING_HEADER = "iOS9-Contacts-Hybrid/iOS9-Contacts-Hybrid-Bridging-Header.h";
				SWIFT_VERSION = 5.0;
				TARGETED_DEVICE_FAMILY = "1,2";
			};
			name = Release;
		};
/* End XCBuildConfiguration section */

/* Begin XCConfigurationList section */
		BD100FA82379CC80002426B7 /* Build configuration list for PBXProject "iOS9-Contacts-Hybrid" */ = {
			isa = XCConfigurationList;
			buildConfigurations = (
				BD100FBF2379CC83002426B7 /* Debug */,
				BD100FC02379CC83002426B7 /* Release */,
			);
			defaultConfigurationIsVisible = 0;
			defaultConfigurationName = Release;
		};
		BD100FC12379CC83002426B7 /* Build configuration list for PBXNativeTarget "iOS9-Contacts-Hybrid" */ = {
			isa = XCConfigurationList;
			buildConfigurations = (
				BD100FC22379CC83002426B7 /* Debug */,
				BD100FC32379CC83002426B7 /* Release */,
			);
			defaultConfigurationIsVisible = 0;
			defaultConfigurationName = Release;
		};
/* End XCConfigurationList section */
	};
	rootObject = BD100FA52379CC80002426B7 /* Project object */;
}
